
Microsoft Visual Studio Solution File, Format Version 12.00
# Visual Studio 14
VisualStudioVersion = 14.0.25123.0
MinimumVisualStudioVersion = 10.0.40219.1
Project("{FAE04EC0-301F-11D3-BF4B-00C04F79EFBC}") = "OperationLog.Database", "OperationLog.Database\OperationLog.Database.csproj", "{D8C519CD-F5EA-473A-A607-001B674CFF15}"
EndProject
Project("{FAE04EC0-301F-11D3-BF4B-00C04F79EFBC}") = "OperationLog.BusinessLogic", "OperationLog.BusinessLogic\OperationLog.BusinessLogic.csproj", "{0EA10DB6-2C29-417F-AD9D-DC276EBAE4FB}"
EndProject
Project("{FAE04EC0-301F-11D3-BF4B-00C04F79EFBC}") = "OperationLog.View.Desktop", "OperationLog.View.Desktop\OperationLog.View.Desktop.csproj", "{BB36B6D5-CE03-438C-B3A1-7881C9E4829D}"
EndProject
Project("{FAE04EC0-301F-11D3-BF4B-00C04F79EFBC}") = "OpertaionLog.Database.Entities", "OpertaionLog.Database.Entities\OpertaionLog.Database.Entities.csproj", "{0D12D5D7-C9AD-4BDE-8986-06946B43E358}"
EndProject
Global
	GlobalSection(SolutionConfigurationPlatforms) = preSolution
		Debug|Any CPU = Debug|Any CPU
		Release|Any CPU = Release|Any CPU
	EndGlobalSection
	GlobalSection(ProjectConfigurationPlatforms) = postSolution
		{D8C519CD-F5EA-473A-A607-001B674CFF15}.Debug|Any CPU.ActiveCfg = Debug|Any CPU
		{D8C519CD-F5EA-473A-A607-001B674CFF15}.Debug|Any CPU.Build.0 = Debug|Any CPU
		{D8C519CD-F5EA-473A-A607-001B674CFF15}.Release|Any CPU.ActiveCfg = Release|Any CPU
		{D8C519CD-F5EA-473A-A607-001B674CFF15}.Release|Any CPU.Build.0 = Release|Any CPU
		{0EA10DB6-2C29-417F-AD9D-DC276EBAE4FB}.Debug|Any CPU.ActiveCfg = Debug|Any CPU
		{0EA10DB6-2C29-417F-AD9D-DC276EBAE4FB}.Debug|Any CPU.Build.0 = Debug|Any CPU
		{0EA10DB6-2C29-417F-AD9D-DC276EBAE4FB}.Release|Any CPU.ActiveCfg = Release|Any CPU
		{0EA10DB6-2C29-417F-AD9D-DC276EBAE4FB}.Release|Any CPU.Build.0 = Release|Any CPU
		{BB36B6D5-CE03-438C-B3A1-7881C9E4829D}.Debug|Any CPU.ActiveCfg = Debug|Any CPU
		{BB36B6D5-CE03-438C-B3A1-7881C9E4829D}.Debug|Any CPU.Build.0 = Debug|Any CPU
		{BB36B6D5-CE03-438C-B3A1-7881C9E4829D}.Release|Any CPU.ActiveCfg = Release|Any CPU
		{BB36B6D5-CE03-438C-B3A1-7881C9E4829D}.Release|Any CPU.Build.0 = Release|Any CPU
		{0D12D5D7-C9AD-4BDE-8986-06946B43E358}.Debug|Any CPU.ActiveCfg = Debug|Any CPU
		{0D12D5D7-C9AD-4BDE-8986-06946B43E358}.Debug|Any CPU.Build.0 = Debug|Any CPU
		{0D12D5D7-C9AD-4BDE-8986-06946B43E358}.Release|Any CPU.ActiveCfg = Release|Any CPU
		{0D12D5D7-C9AD-4BDE-8986-06946B43E358}.Release|Any CPU.Build.0 = Release|Any CPU
	EndGlobalSection
	GlobalSection(SolutionProperties) = preSolution
		HideSolutionNode = FALSE
	EndGlobalSection
EndGlobal
