
Microsoft Visual Studio Solution File, Format Version 12.00
# Visual Studio 14
VisualStudioVersion = 14.0.25123.0
MinimumVisualStudioVersion = 10.0.40219.1
Project("{FAE04EC0-301F-11D3-BF4B-00C04F79EFBC}") = "OperationLog.Database", "OperationLog.Database\OperationLog.Database.csproj", "{D8C519CD-F5EA-473A-A607-001B674CFF15}"
EndProject
Project("{FAE04EC0-301F-11D3-BF4B-00C04F79EFBC}") = "OperationLog.BusinessLogic", "OperationLog.BusinessLogic\OperationLog.BusinessLogic.csproj", "{0EA10DB6-2C29-417F-AD9D-DC276EBAE4FB}"
EndProject
Project("{FAE04EC0-301F-11D3-BF4B-00C04F79EFBC}") = "OpertaionLog.Database.Objects", "OpertaionLog.Database.Entities\OpertaionLog.Database.Objects.csproj", "{0D12D5D7-C9AD-4BDE-8986-06946B43E358}"
EndProject
Project("{FAE04EC0-301F-11D3-BF4B-00C04F79EFBC}") = "OperationLog.Presentation.Desktop", "OperationLog.View.Desktop\OperationLog.Presentation.Desktop.csproj", "{ADB4AFEF-7880-4A2C-99EE-9019314D6E93}"
EndProject
Project("{FAE04EC0-301F-11D3-BF4B-00C04F79EFBC}") = "OperationLog.ExcelProvider", "OperationLog.ExcelProvider\OperationLog.ExcelProvider.csproj", "{8136CAB1-4E35-4B7D-AE94-04E602C79ED0}"
EndProject
Global
	GlobalSection(SolutionConfigurationPlatforms) = preSolution
		Debug|Any CPU = Debug|Any CPU
		Release|Any CPU = Release|Any CPU
	EndGlobalSection
	GlobalSection(ProjectConfigurationPlatforms) = postSolution
		{D8C519CD-F5EA-473A-A607-001B674CFF15}.Debug|Any CPU.ActiveCfg = Debug|Any CPU
		{D8C519CD-F5EA-473A-A607-001B674CFF15}.Debug|Any CPU.Build.0 = Debug|Any CPU
		{D8C519CD-F5EA-473A-A607-001B674CFF15}.Release|Any CPU.ActiveCfg = Release|Any CPU
		{D8C519CD-F5EA-473A-A607-001B674CFF15}.Release|Any CPU.Build.0 = Release|Any CPU
		{0EA10DB6-2C29-417F-AD9D-DC276EBAE4FB}.Debug|Any CPU.ActiveCfg = Debug|Any CPU
		{0EA10DB6-2C29-417F-AD9D-DC276EBAE4FB}.Debug|Any CPU.Build.0 = Debug|Any CPU
		{0EA10DB6-2C29-417F-AD9D-DC276EBAE4FB}.Release|Any CPU.ActiveCfg = Release|Any CPU
		{0EA10DB6-2C29-417F-AD9D-DC276EBAE4FB}.Release|Any CPU.Build.0 = Release|Any CPU
		{0D12D5D7-C9AD-4BDE-8986-06946B43E358}.Debug|Any CPU.ActiveCfg = Debug|Any CPU
		{0D12D5D7-C9AD-4BDE-8986-06946B43E358}.Debug|Any CPU.Build.0 = Debug|Any CPU
		{0D12D5D7-C9AD-4BDE-8986-06946B43E358}.Release|Any CPU.ActiveCfg = Release|Any CPU
		{0D12D5D7-C9AD-4BDE-8986-06946B43E358}.Release|Any CPU.Build.0 = Release|Any CPU
		{ADB4AFEF-7880-4A2C-99EE-9019314D6E93}.Debug|Any CPU.ActiveCfg = Debug|Any CPU
		{ADB4AFEF-7880-4A2C-99EE-9019314D6E93}.Debug|Any CPU.Build.0 = Debug|Any CPU
		{ADB4AFEF-7880-4A2C-99EE-9019314D6E93}.Release|Any CPU.ActiveCfg = Release|Any CPU
		{ADB4AFEF-7880-4A2C-99EE-9019314D6E93}.Release|Any CPU.Build.0 = Release|Any CPU
		{8136CAB1-4E35-4B7D-AE94-04E602C79ED0}.Debug|Any CPU.ActiveCfg = Debug|Any CPU
		{8136CAB1-4E35-4B7D-AE94-04E602C79ED0}.Debug|Any CPU.Build.0 = Debug|Any CPU
		{8136CAB1-4E35-4B7D-AE94-04E602C79ED0}.Release|Any CPU.ActiveCfg = Release|Any CPU
		{8136CAB1-4E35-4B7D-AE94-04E602C79ED0}.Release|Any CPU.Build.0 = Release|Any CPU
	EndGlobalSection
	GlobalSection(SolutionProperties) = preSolution
		HideSolutionNode = FALSE
	EndGlobalSection
EndGlobal
